
Microsoft Visual Studio Solution File, Format Version 12.00
# Visual Studio Version 17
VisualStudioVersion = 17.14.36511.14 d17.14
MinimumVisualStudioVersion = 10.0.40219.1
Project("{FAE04EC0-301F-11D3-BF4B-00C04F79EFBC}") = "C.R.A Consumo reducido de agua", "C.R.A Consumo reducido de agua.csproj", "{B5FF8FB4-26EC-4C04-B8AE-8654B1D64D70}"
EndProject
Global
	GlobalSection(SolutionConfigurationPlatforms) = preSolution
		Debug|Any CPU = Debug|Any CPU
		Release|Any CPU = Release|Any CPU
	EndGlobalSection
	GlobalSection(ProjectConfigurationPlatforms) = postSolution
		{B5FF8FB4-26EC-4C04-B8AE-8654B1D64D70}.Debug|Any CPU.ActiveCfg = Debug|Any CPU
		{B5FF8FB4-26EC-4C04-B8AE-8654B1D64D70}.Debug|Any CPU.Build.0 = Debug|Any CPU
		{B5FF8FB4-26EC-4C04-B8AE-8654B1D64D70}.Release|Any CPU.ActiveCfg = Release|Any CPU
		{B5FF8FB4-26EC-4C04-B8AE-8654B1D64D70}.Release|Any CPU.Build.0 = Release|Any CPU
	EndGlobalSection
	GlobalSection(SolutionProperties) = preSolution
		HideSolutionNode = FALSE
	EndGlobalSection
	GlobalSection(ExtensibilityGlobals) = postSolution
		SolutionGuid = {13E0240F-0B1B-4E14-8F0D-39A4A9298EED}
	EndGlobalSection
EndGlobal
